
Microsoft Visual Studio Solution File, Format Version 12.00
# Visual Studio Version 17
VisualStudioVersion = 17.4.33110.190
MinimumVisualStudioVersion = 10.0.40219.1
Project("{FAE04EC0-301F-11D3-BF4B-00C04F79EFBC}") = "Ex04.Menus.Interfaces", "Ex04.Menus. Interfaces\Ex04.Menus.Interfaces.csproj", "{F64B6DFE-86D0-46ED-802B-18C765E5EDFE}"
EndProject
Project("{FAE04EC0-301F-11D3-BF4B-00C04F79EFBC}") = "Ex04.Menus.Delegates", "Ex04.Menus.Delegates\Ex04.Menus.Delegates.csproj", "{7DDAEEBE-B945-4C9C-8625-34D497D0B114}"
EndProject
Project("{FAE04EC0-301F-11D3-BF4B-00C04F79EFBC}") = "Ex04.Menus.Test", "Ex04.Menus.Test\Ex04.Menus.Test.csproj", "{A63B520F-7D9D-4E34-AC28-B3D9428182C3}"
EndProject
Project("{2150E333-8FDC-42A3-9474-1A3956D46DE8}") = "Solution Items", "Solution Items", "{D927C3EB-6674-4C87-A32C-E5583F267311}"
	ProjectSection(SolutionItems) = preProject
		.editorconfig = .editorconfig
	EndProjectSection
EndProject
Global
	GlobalSection(SolutionConfigurationPlatforms) = preSolution
		Debug|Any CPU = Debug|Any CPU
		Release|Any CPU = Release|Any CPU
	EndGlobalSection
	GlobalSection(ProjectConfigurationPlatforms) = postSolution
		{F64B6DFE-86D0-46ED-802B-18C765E5EDFE}.Debug|Any CPU.ActiveCfg = Debug|Any CPU
		{F64B6DFE-86D0-46ED-802B-18C765E5EDFE}.Debug|Any CPU.Build.0 = Debug|Any CPU
		{F64B6DFE-86D0-46ED-802B-18C765E5EDFE}.Release|Any CPU.ActiveCfg = Release|Any CPU
		{F64B6DFE-86D0-46ED-802B-18C765E5EDFE}.Release|Any CPU.Build.0 = Release|Any CPU
		{7DDAEEBE-B945-4C9C-8625-34D497D0B114}.Debug|Any CPU.ActiveCfg = Debug|Any CPU
		{7DDAEEBE-B945-4C9C-8625-34D497D0B114}.Debug|Any CPU.Build.0 = Debug|Any CPU
		{7DDAEEBE-B945-4C9C-8625-34D497D0B114}.Release|Any CPU.ActiveCfg = Release|Any CPU
		{7DDAEEBE-B945-4C9C-8625-34D497D0B114}.Release|Any CPU.Build.0 = Release|Any CPU
		{A63B520F-7D9D-4E34-AC28-B3D9428182C3}.Debug|Any CPU.ActiveCfg = Debug|Any CPU
		{A63B520F-7D9D-4E34-AC28-B3D9428182C3}.Debug|Any CPU.Build.0 = Debug|Any CPU
		{A63B520F-7D9D-4E34-AC28-B3D9428182C3}.Release|Any CPU.ActiveCfg = Release|Any CPU
		{A63B520F-7D9D-4E34-AC28-B3D9428182C3}.Release|Any CPU.Build.0 = Release|Any CPU
	EndGlobalSection
	GlobalSection(SolutionProperties) = preSolution
		HideSolutionNode = FALSE
	EndGlobalSection
	GlobalSection(ExtensibilityGlobals) = postSolution
		SolutionGuid = {C5CA558F-7051-4139-8367-06E851AB1CA1}
	EndGlobalSection
EndGlobal
